// !$*UTF8*$!
{
	archiveVersion = 1;
	classes = {
	};
	objectVersion = 56;
	objects = {

/* Begin PBXBuildFile section */
		828AADBE2A57090400E823BF /* AppDelegate.swift in Sources */ = {isa = PBXBuildFile; fileRef = 828AADBD2A57090400E823BF /* AppDelegate.swift */; };
		828AADC02A57090400E823BF /* SceneDelegate.swift in Sources */ = {isa = PBXBuildFile; fileRef = 828AADBF2A57090400E823BF /* SceneDelegate.swift */; };
		828AADC22A57090400E823BF /* ViewController.swift in Sources */ = {isa = PBXBuildFile; fileRef = 828AADC12A57090400E823BF /* ViewController.swift */; };
		828AADC52A57090400E823BF /* Main.storyboard in Resources */ = {isa = PBXBuildFile; fileRef = 828AADC32A57090400E823BF /* Main.storyboard */; };
		828AADC72A57090500E823BF /* Assets.xcassets in Resources */ = {isa = PBXBuildFile; fileRef = 828AADC62A57090500E823BF /* Assets.xcassets */; };
		828AADCA2A57090500E823BF /* LaunchScreen.storyboard in Resources */ = {isa = PBXBuildFile; fileRef = 828AADC82A57090500E823BF /* LaunchScreen.storyboard */; };
		828AADD52A57090500E823BF /* my_practice_4Tests.swift in Sources */ = {isa = PBXBuildFile; fileRef = 828AADD42A57090500E823BF /* my_practice_4Tests.swift */; };
		828AADDF2A57090500E823BF /* my_practice_4UITests.swift in Sources */ = {isa = PBXBuildFile; fileRef = 828AADDE2A57090500E823BF /* my_practice_4UITests.swift */; };
		828AADE12A57090500E823BF /* my_practice_4UITestsLaunchTests.swift in Sources */ = {isa = PBXBuildFile; fileRef = 828AADE02A57090500E823BF /* my_practice_4UITestsLaunchTests.swift */; };
/* End PBXBuildFile section */

/* Begin PBXContainerItemProxy section */
		828AADD12A57090500E823BF /* PBXContainerItemProxy */ = {
			isa = PBXContainerItemProxy;
			containerPortal = 828AADB22A57090400E823BF /* Project object */;
			proxyType = 1;
			remoteGlobalIDString = 828AADB92A57090400E823BF;
			remoteInfo = my_practice_4;
		};
		828AADDB2A57090500E823BF /* PBXContainerItemProxy */ = {
			isa = PBXContainerItemProxy;
			containerPortal = 828AADB22A57090400E823BF /* Project object */;
			proxyType = 1;
			remoteGlobalIDString = 828AADB92A57090400E823BF;
			remoteInfo = my_practice_4;
		};
/* End PBXContainerItemProxy section */

/* Begin PBXFileReference section */
		828AADBA2A57090400E823BF /* my_practice_4.app */ = {isa = PBXFileReference; explicitFileType = wrapper.application; includeInIndex = 0; path = my_practice_4.app; sourceTree = BUILT_PRODUCTS_DIR; };
		828AADBD2A57090400E823BF /* AppDelegate.swift */ = {isa = PBXFileReference; lastKnownFileType = sourcecode.swift; path = AppDelegate.swift; sourceTree = "<group>"; };
		828AADBF2A57090400E823BF /* SceneDelegate.swift */ = {isa = PBXFileReference; lastKnownFileType = sourcecode.swift; path = SceneDelegate.swift; sourceTree = "<group>"; };
		828AADC12A57090400E823BF /* ViewController.swift */ = {isa = PBXFileReference; lastKnownFileType = sourcecode.swift; path = ViewController.swift; sourceTree = "<group>"; };
		828AADC42A57090400E823BF /* Base */ = {isa = PBXFileReference; lastKnownFileType = file.storyboard; name = Base; path = Base.lproj/Main.storyboard; sourceTree = "<group>"; };
		828AADC62A57090500E823BF /* Assets.xcassets */ = {isa = PBXFileReference; lastKnownFileType = folder.assetcatalog; path = Assets.xcassets; sourceTree = "<group>"; };
		828AADC92A57090500E823BF /* Base */ = {isa = PBXFileReference; lastKnownFileType = file.storyboard; name = Base; path = Base.lproj/LaunchScreen.storyboard; sourceTree = "<group>"; };
		828AADCB2A57090500E823BF /* Info.plist */ = {isa = PBXFileReference; lastKnownFileType = text.plist.xml; path = Info.plist; sourceTree = "<group>"; };
		828AADD02A57090500E823BF /* my_practice_4Tests.xctest */ = {isa = PBXFileReference; explicitFileType = wrapper.cfbundle; includeInIndex = 0; path = my_practice_4Tests.xctest; sourceTree = BUILT_PRODUCTS_DIR; };
		828AADD42A57090500E823BF /* my_practice_4Tests.swift */ = {isa = PBXFileReference; lastKnownFileType = sourcecode.swift; path = my_practice_4Tests.swift; sourceTree = "<group>"; };
		828AADDA2A57090500E823BF /* my_practice_4UITests.xctest */ = {isa = PBXFileReference; explicitFileType = wrapper.cfbundle; includeInIndex = 0; path = my_practice_4UITests.xctest; sourceTree = BUILT_PRODUCTS_DIR; };
		828AADDE2A57090500E823BF /* my_practice_4UITests.swift */ = {isa = PBXFileReference; lastKnownFileType = sourcecode.swift; path = my_practice_4UITests.swift; sourceTree = "<group>"; };
		828AADE02A57090500E823BF /* my_practice_4UITestsLaunchTests.swift */ = {isa = PBXFileReference; lastKnownFileType = sourcecode.swift; path = my_practice_4UITestsLaunchTests.swift; sourceTree = "<group>"; };
/* End PBXFileReference section */

/* Begin PBXFrameworksBuildPhase section */
		828AADB72A57090400E823BF /* Frameworks */ = {
			isa = PBXFrameworksBuildPhase;
			buildActionMask = 2147483647;
			files = (
			);
			runOnlyForDeploymentPostprocessing = 0;
		};
		828AADCD2A57090500E823BF /* Frameworks */ = {
			isa = PBXFrameworksBuildPhase;
			buildActionMask = 2147483647;
			files = (
			);
			runOnlyForDeploymentPostprocessing = 0;
		};
		828AADD72A57090500E823BF /* Frameworks */ = {
			isa = PBXFrameworksBuildPhase;
			buildActionMask = 2147483647;
			files = (
			);
			runOnlyForDeploymentPostprocessing = 0;
		};
/* End PBXFrameworksBuildPhase section */

/* Begin PBXGroup section */
		828AADB12A57090400E823BF = {
			isa = PBXGroup;
			children = (
				828AADBC2A57090400E823BF /* my_practice_4 */,
				828AADD32A57090500E823BF /* my_practice_4Tests */,
				828AADDD2A57090500E823BF /* my_practice_4UITests */,
				828AADBB2A57090400E823BF /* Products */,
			);
			sourceTree = "<group>";
		};
		828AADBB2A57090400E823BF /* Products */ = {
			isa = PBXGroup;
			children = (
				828AADBA2A57090400E823BF /* my_practice_4.app */,
				828AADD02A57090500E823BF /* my_practice_4Tests.xctest */,
				828AADDA2A57090500E823BF /* my_practice_4UITests.xctest */,
			);
			name = Products;
			sourceTree = "<group>";
		};
		828AADBC2A57090400E823BF /* my_practice_4 */ = {
			isa = PBXGroup;
			children = (
				828AADBD2A57090400E823BF /* AppDelegate.swift */,
				828AADBF2A57090400E823BF /* SceneDelegate.swift */,
				828AADC12A57090400E823BF /* ViewController.swift */,
				828AADC32A57090400E823BF /* Main.storyboard */,
				828AADC62A57090500E823BF /* Assets.xcassets */,
				828AADC82A57090500E823BF /* LaunchScreen.storyboard */,
				828AADCB2A57090500E823BF /* Info.plist */,
			);
			path = my_practice_4;
			sourceTree = "<group>";
		};
		828AADD32A57090500E823BF /* my_practice_4Tests */ = {
			isa = PBXGroup;
			children = (
				828AADD42A57090500E823BF /* my_practice_4Tests.swift */,
			);
			path = my_practice_4Tests;
			sourceTree = "<group>";
		};
		828AADDD2A57090500E823BF /* my_practice_4UITests */ = {
			isa = PBXGroup;
			children = (
				828AADDE2A57090500E823BF /* my_practice_4UITests.swift */,
				828AADE02A57090500E823BF /* my_practice_4UITestsLaunchTests.swift */,
			);
			path = my_practice_4UITests;
			sourceTree = "<group>";
		};
/* End PBXGroup section */

/* Begin PBXNativeTarget section */
		828AADB92A57090400E823BF /* my_practice_4 */ = {
			isa = PBXNativeTarget;
			buildConfigurationList = 828AADE42A57090500E823BF /* Build configuration list for PBXNativeTarget "my_practice_4" */;
			buildPhases = (
				828AADB62A57090400E823BF /* Sources */,
				828AADB72A57090400E823BF /* Frameworks */,
				828AADB82A57090400E823BF /* Resources */,
			);
			buildRules = (
			);
			dependencies = (
			);
			name = my_practice_4;
			productName = my_practice_4;
			productReference = 828AADBA2A57090400E823BF /* my_practice_4.app */;
			productType = "com.apple.product-type.application";
		};
		828AADCF2A57090500E823BF /* my_practice_4Tests */ = {
			isa = PBXNativeTarget;
			buildConfigurationList = 828AADE72A57090500E823BF /* Build configuration list for PBXNativeTarget "my_practice_4Tests" */;
			buildPhases = (
				828AADCC2A57090500E823BF /* Sources */,
				828AADCD2A57090500E823BF /* Frameworks */,
				828AADCE2A57090500E823BF /* Resources */,
			);
			buildRules = (
			);
			dependencies = (
				828AADD22A57090500E823BF /* PBXTargetDependency */,
			);
			name = my_practice_4Tests;
			productName = my_practice_4Tests;
			productReference = 828AADD02A57090500E823BF /* my_practice_4Tests.xctest */;
			productType = "com.apple.product-type.bundle.unit-test";
		};
		828AADD92A57090500E823BF /* my_practice_4UITests */ = {
			isa = PBXNativeTarget;
			buildConfigurationList = 828AADEA2A57090500E823BF /* Build configuration list for PBXNativeTarget "my_practice_4UITests" */;
			buildPhases = (
				828AADD62A57090500E823BF /* Sources */,
				828AADD72A57090500E823BF /* Frameworks */,
				828AADD82A57090500E823BF /* Resources */,
			);
			buildRules = (
			);
			dependencies = (
				828AADDC2A57090500E823BF /* PBXTargetDependency */,
			);
			name = my_practice_4UITests;
			productName = my_practice_4UITests;
			productReference = 828AADDA2A57090500E823BF /* my_practice_4UITests.xctest */;
			productType = "com.apple.product-type.bundle.ui-testing";
		};
/* End PBXNativeTarget section */

/* Begin PBXProject section */
		828AADB22A57090400E823BF /* Project object */ = {
			isa = PBXProject;
			attributes = {
				BuildIndependentTargetsInParallel = 1;
				LastSwiftUpdateCheck = 1430;
				LastUpgradeCheck = 1430;
				TargetAttributes = {
					828AADB92A57090400E823BF = {
						CreatedOnToolsVersion = 14.3.1;
					};
					828AADCF2A57090500E823BF = {
						CreatedOnToolsVersion = 14.3.1;
						TestTargetID = 828AADB92A57090400E823BF;
					};
					828AADD92A57090500E823BF = {
						CreatedOnToolsVersion = 14.3.1;
						TestTargetID = 828AADB92A57090400E823BF;
					};
				};
			};
			buildConfigurationList = 828AADB52A57090400E823BF /* Build configuration list for PBXProject "my_practice_4" */;
			compatibilityVersion = "Xcode 14.0";
			developmentRegion = en;
			hasScannedForEncodings = 0;
			knownRegions = (
				en,
				Base,
			);
			mainGroup = 828AADB12A57090400E823BF;
			productRefGroup = 828AADBB2A57090400E823BF /* Products */;
			projectDirPath = "";
			projectRoot = "";
			targets = (
				828AADB92A57090400E823BF /* my_practice_4 */,
				828AADCF2A57090500E823BF /* my_practice_4Tests */,
				828AADD92A57090500E823BF /* my_practice_4UITests */,
			);
		};
/* End PBXProject section */

/* Begin PBXResourcesBuildPhase section */
		828AADB82A57090400E823BF /* Resources */ = {
			isa = PBXResourcesBuildPhase;
			buildActionMask = 2147483647;
			files = (
				828AADCA2A57090500E823BF /* LaunchScreen.storyboard in Resources */,
				828AADC72A57090500E823BF /* Assets.xcassets in Resources */,
				828AADC52A57090400E823BF /* Main.storyboard in Resources */,
			);
			runOnlyForDeploymentPostprocessing = 0;
		};
		828AADCE2A57090500E823BF /* Resources */ = {
			isa = PBXResourcesBuildPhase;
			buildActionMask = 2147483647;
			files = (
			);
			runOnlyForDeploymentPostprocessing = 0;
		};
		828AADD82A57090500E823BF /* Resources */ = {
			isa = PBXResourcesBuildPhase;
			buildActionMask = 2147483647;
			files = (
			);
			runOnlyForDeploymentPostprocessing = 0;
		};
/* End PBXResourcesBuildPhase section */

/* Begin PBXSourcesBuildPhase section */
		828AADB62A57090400E823BF /* Sources */ = {
			isa = PBXSourcesBuildPhase;
			buildActionMask = 2147483647;
			files = (
				828AADC22A57090400E823BF /* ViewController.swift in Sources */,
				828AADBE2A57090400E823BF /* AppDelegate.swift in Sources */,
				828AADC02A57090400E823BF /* SceneDelegate.swift in Sources */,
			);
			runOnlyForDeploymentPostprocessing = 0;
		};
		828AADCC2A57090500E823BF /* Sources */ = {
			isa = PBXSourcesBuildPhase;
			buildActionMask = 2147483647;
			files = (
				828AADD52A57090500E823BF /* my_practice_4Tests.swift in Sources */,
			);
			runOnlyForDeploymentPostprocessing = 0;
		};
		828AADD62A57090500E823BF /* Sources */ = {
			isa = PBXSourcesBuildPhase;
			buildActionMask = 2147483647;
			files = (
				828AADE12A57090500E823BF /* my_practice_4UITestsLaunchTests.swift in Sources */,
				828AADDF2A57090500E823BF /* my_practice_4UITests.swift in Sources */,
			);
			runOnlyForDeploymentPostprocessing = 0;
		};
/* End PBXSourcesBuildPhase section */

/* Begin PBXTargetDependency section */
		828AADD22A57090500E823BF /* PBXTargetDependency */ = {
			isa = PBXTargetDependency;
			target = 828AADB92A57090400E823BF /* my_practice_4 */;
			targetProxy = 828AADD12A57090500E823BF /* PBXContainerItemProxy */;
		};
		828AADDC2A57090500E823BF /* PBXTargetDependency */ = {
			isa = PBXTargetDependency;
			target = 828AADB92A57090400E823BF /* my_practice_4 */;
			targetProxy = 828AADDB2A57090500E823BF /* PBXContainerItemProxy */;
		};
/* End PBXTargetDependency section */

/* Begin PBXVariantGroup section */
		828AADC32A57090400E823BF /* Main.storyboard */ = {
			isa = PBXVariantGroup;
			children = (
				828AADC42A57090400E823BF /* Base */,
			);
			name = Main.storyboard;
			sourceTree = "<group>";
		};
		828AADC82A57090500E823BF /* LaunchScreen.storyboard */ = {
			isa = PBXVariantGroup;
			children = (
				828AADC92A57090500E823BF /* Base */,
			);
			name = LaunchScreen.storyboard;
			sourceTree = "<group>";
		};
/* End PBXVariantGroup section */

/* Begin XCBuildConfiguration section */
		828AADE22A57090500E823BF /* Debug */ = {
			isa = XCBuildConfiguration;
			buildSettings = {
				ALWAYS_SEARCH_USER_PATHS = NO;
				CLANG_ANALYZER_NONNULL = YES;
				CLANG_ANALYZER_NUMBER_OBJECT_CONVERSION = YES_AGGRESSIVE;
				CLANG_CXX_LANGUAGE_STANDARD = "gnu++20";
				CLANG_ENABLE_MODULES = YES;
				CLANG_ENABLE_OBJC_ARC = YES;
				CLANG_ENABLE_OBJC_WEAK = YES;
				CLANG_WARN_BLOCK_CAPTURE_AUTORELEASING = YES;
				CLANG_WARN_BOOL_CONVERSION = YES;
				CLANG_WARN_COMMA = YES;
				CLANG_WARN_CONSTANT_CONVERSION = YES;
				CLANG_WARN_DEPRECATED_OBJC_IMPLEMENTATIONS = YES;
				CLANG_WARN_DIRECT_OBJC_ISA_USAGE = YES_ERROR;
				CLANG_WARN_DOCUMENTATION_COMMENTS = YES;
				CLANG_WARN_EMPTY_BODY = YES;
				CLANG_WARN_ENUM_CONVERSION = YES;
				CLANG_WARN_INFINITE_RECURSION = YES;
				CLANG_WARN_INT_CONVERSION = YES;
				CLANG_WARN_NON_LITERAL_NULL_CONVERSION = YES;
				CLANG_WARN_OBJC_IMPLICIT_RETAIN_SELF = YES;
				CLANG_WARN_OBJC_LITERAL_CONVERSION = YES;
				CLANG_WARN_OBJC_ROOT_CLASS = YES_ERROR;
				CLANG_WARN_QUOTED_INCLUDE_IN_FRAMEWORK_HEADER = YES;
				CLANG_WARN_RANGE_LOOP_ANALYSIS = YES;
				CLANG_WARN_STRICT_PROTOTYPES = YES;
				CLANG_WARN_SUSPICIOUS_MOVE = YES;
				CLANG_WARN_UNGUARDED_AVAILABILITY = YES_AGGRESSIVE;
				CLANG_WARN_UNREACHABLE_CODE = YES;
				CLANG_WARN__DUPLICATE_METHOD_MATCH = YES;
				COPY_PHASE_STRIP = NO;
				DEBUG_INFORMATION_FORMAT = dwarf;
				ENABLE_STRICT_OBJC_MSGSEND = YES;
				ENABLE_TESTABILITY = YES;
				GCC_C_LANGUAGE_STANDARD = gnu11;
				GCC_DYNAMIC_NO_PIC = NO;
				GCC_NO_COMMON_BLOCKS = YES;
				GCC_OPTIMIZATION_LEVEL = 0;
				GCC_PREPROCESSOR_DEFINITIONS = (
					"DEBUG=1",
					"$(inherited)",
				);
				GCC_WARN_64_TO_32_BIT_CONVERSION = YES;
				GCC_WARN_ABOUT_RETURN_TYPE = YES_ERROR;
				GCC_WARN_UNDECLARED_SELECTOR = YES;
				GCC_WARN_UNINITIALIZED_AUTOS = YES_AGGRESSIVE;
				GCC_WARN_UNUSED_FUNCTION = YES;
				GCC_WARN_UNUSED_VARIABLE = YES;
				IPHONEOS_DEPLOYMENT_TARGET = 16.4;
				MTL_ENABLE_DEBUG_INFO = INCLUDE_SOURCE;
				MTL_FAST_MATH = YES;
				ONLY_ACTIVE_ARCH = YES;
				SDKROOT = iphoneos;
				SWIFT_ACTIVE_COMPILATION_CONDITIONS = DEBUG;
				SWIFT_OPTIMIZATION_LEVEL = "-Onone";
			};
			name = Debug;
		};
		828AADE32A57090500E823BF /* Release */ = {
			isa = XCBuildConfiguration;
			buildSettings = {
				ALWAYS_SEARCH_USER_PATHS = NO;
				CLANG_ANALYZER_NONNULL = YES;
				CLANG_ANALYZER_NUMBER_OBJECT_CONVERSION = YES_AGGRESSIVE;
				CLANG_CXX_LANGUAGE_STANDARD = "gnu++20";
				CLANG_ENABLE_MODULES = YES;
				CLANG_ENABLE_OBJC_ARC = YES;
				CLANG_ENABLE_OBJC_WEAK = YES;
				CLANG_WARN_BLOCK_CAPTURE_AUTORELEASING = YES;
				CLANG_WARN_BOOL_CONVERSION = YES;
				CLANG_WARN_COMMA = YES;
				CLANG_WARN_CONSTANT_CONVERSION = YES;
				CLANG_WARN_DEPRECATED_OBJC_IMPLEMENTATIONS = YES;
				CLANG_WARN_DIRECT_OBJC_ISA_USAGE = YES_ERROR;
				CLANG_WARN_DOCUMENTATION_COMMENTS = YES;
				CLANG_WARN_EMPTY_BODY = YES;
				CLANG_WARN_ENUM_CONVERSION = YES;
				CLANG_WARN_INFINITE_RECURSION = YES;
				CLANG_WARN_INT_CONVERSION = YES;
				CLANG_WARN_NON_LITERAL_NULL_CONVERSION = YES;
				CLANG_WARN_OBJC_IMPLICIT_RETAIN_SELF = YES;
				CLANG_WARN_OBJC_LITERAL_CONVERSION = YES;
				CLANG_WARN_OBJC_ROOT_CLASS = YES_ERROR;
				CLANG_WARN_QUOTED_INCLUDE_IN_FRAMEWORK_HEADER = YES;
				CLANG_WARN_RANGE_LOOP_ANALYSIS = YES;
				CLANG_WARN_STRICT_PROTOTYPES = YES;
				CLANG_WARN_SUSPICIOUS_MOVE = YES;
				CLANG_WARN_UNGUARDED_AVAILABILITY = YES_AGGRESSIVE;
				CLANG_WARN_UNREACHABLE_CODE = YES;
				CLANG_WARN__DUPLICATE_METHOD_MATCH = YES;
				COPY_PHASE_STRIP = NO;
				DEBUG_INFORMATION_FORMAT = "dwarf-with-dsym";
				ENABLE_NS_ASSERTIONS = NO;
				ENABLE_STRICT_OBJC_MSGSEND = YES;
				GCC_C_LANGUAGE_STANDARD = gnu11;
				GCC_NO_COMMON_BLOCKS = YES;
				GCC_WARN_64_TO_32_BIT_CONVERSION = YES;
				GCC_WARN_ABOUT_RETURN_TYPE = YES_ERROR;
				GCC_WARN_UNDECLARED_SELECTOR = YES;
				GCC_WARN_UNINITIALIZED_AUTOS = YES_AGGRESSIVE;
				GCC_WARN_UNUSED_FUNCTION = YES;
				GCC_WARN_UNUSED_VARIABLE = YES;
				IPHONEOS_DEPLOYMENT_TARGET = 16.4;
				MTL_ENABLE_DEBUG_INFO = NO;
				MTL_FAST_MATH = YES;
				SDKROOT = iphoneos;
				SWIFT_COMPILATION_MODE = wholemodule;
				SWIFT_OPTIMIZATION_LEVEL = "-O";
				VALIDATE_PRODUCT = YES;
			};
			name = Release;
		};
		828AADE52A57090500E823BF /* Debug */ = {
			isa = XCBuildConfiguration;
			buildSettings = {
				ASSETCATALOG_COMPILER_APPICON_NAME = AppIcon;
				ASSETCATALOG_COMPILER_GLOBAL_ACCENT_COLOR_NAME = AccentColor;
				CODE_SIGN_STYLE = Automatic;
				CURRENT_PROJECT_VERSION = 1;
				DEVELOPMENT_TEAM = 977C44PQHL;
				GENERATE_INFOPLIST_FILE = YES;
				INFOPLIST_FILE = my_practice_4/Info.plist;
				INFOPLIST_KEY_UIApplicationSupportsIndirectInputEvents = YES;
				INFOPLIST_KEY_UILaunchStoryboardName = LaunchScreen;
				INFOPLIST_KEY_UIMainStoryboardFile = Main;
				INFOPLIST_KEY_UISupportedInterfaceOrientations_iPad = "UIInterfaceOrientationPortrait UIInterfaceOrientationPortraitUpsideDown UIInterfaceOrientationLandscapeLeft UIInterfaceOrientationLandscapeRight";
				INFOPLIST_KEY_UISupportedInterfaceOrientations_iPhone = "UIInterfaceOrientationPortrait UIInterfaceOrientationLandscapeLeft UIInterfaceOrientationLandscapeRight";
				LD_RUNPATH_SEARCH_PATHS = (
					"$(inherited)",
					"@executable_path/Frameworks",
				);
				MARKETING_VERSION = 1.0;
				PRODUCT_BUNDLE_IDENTIFIER = "tydevelopers.com.my-practice-4";
				PRODUCT_NAME = "$(TARGET_NAME)";
				SWIFT_EMIT_LOC_STRINGS = YES;
				SWIFT_VERSION = 5.0;
				TARGETED_DEVICE_FAMILY = "1,2";
			};
			name = Debug;
		};
		828AADE62A57090500E823BF /* Release */ = {
			isa = XCBuildConfiguration;
			buildSettings = {
				ASSETCATALOG_COMPILER_APPICON_NAME = AppIcon;
				ASSETCATALOG_COMPILER_GLOBAL_ACCENT_COLOR_NAME = AccentColor;
				CODE_SIGN_STYLE = Automatic;
				CURRENT_PROJECT_VERSION = 1;
				DEVELOPMENT_TEAM = 977C44PQHL;
				GENERATE_INFOPLIST_FILE = YES;
				INFOPLIST_FILE = my_practice_4/Info.plist;
				INFOPLIST_KEY_UIApplicationSupportsIndirectInputEvents = YES;
				INFOPLIST_KEY_UILaunchStoryboardName = LaunchScreen;
				INFOPLIST_KEY_UIMainStoryboardFile = Main;
				INFOPLIST_KEY_UISupportedInterfaceOrientations_iPad = "UIInterfaceOrientationPortrait UIInterfaceOrientationPortraitUpsideDown UIInterfaceOrientationLandscapeLeft UIInterfaceOrientationLandscapeRight";
				INFOPLIST_KEY_UISupportedInterfaceOrientations_iPhone = "UIInterfaceOrientationPortrait UIInterfaceOrientationLandscapeLeft UIInterfaceOrientationLandscapeRight";
				LD_RUNPATH_SEARCH_PATHS = (
					"$(inherited)",
					"@executable_path/Frameworks",
				);
				MARKETING_VERSION = 1.0;
				PRODUCT_BUNDLE_IDENTIFIER = "tydevelopers.com.my-practice-4";
				PRODUCT_NAME = "$(TARGET_NAME)";
				SWIFT_EMIT_LOC_STRINGS = YES;
				SWIFT_VERSION = 5.0;
				TARGETED_DEVICE_FAMILY = "1,2";
			};
			name = Release;
		};
		828AADE82A57090500E823BF /* Debug */ = {
			isa = XCBuildConfiguration;
			buildSettings = {
				ALWAYS_EMBED_SWIFT_STANDARD_LIBRARIES = YES;
				BUNDLE_LOADER = "$(TEST_HOST)";
				CODE_SIGN_STYLE = Automatic;
				CURRENT_PROJECT_VERSION = 1;
				DEVELOPMENT_TEAM = 977C44PQHL;
				GENERATE_INFOPLIST_FILE = YES;
				IPHONEOS_DEPLOYMENT_TARGET = 16.4;
				MARKETING_VERSION = 1.0;
				PRODUCT_BUNDLE_IDENTIFIER = "tydevelopers.com.my-practice-4Tests";
				PRODUCT_NAME = "$(TARGET_NAME)";
				SWIFT_EMIT_LOC_STRINGS = NO;
				SWIFT_VERSION = 5.0;
				TARGETED_DEVICE_FAMILY = "1,2";
				TEST_HOST = "$(BUILT_PRODUCTS_DIR)/my_practice_4.app/$(BUNDLE_EXECUTABLE_FOLDER_PATH)/my_practice_4";
			};
			name = Debug;
		};
		828AADE92A57090500E823BF /* Release */ = {
			isa = XCBuildConfiguration;
			buildSettings = {
				ALWAYS_EMBED_SWIFT_STANDARD_LIBRARIES = YES;
				BUNDLE_LOADER = "$(TEST_HOST)";
				CODE_SIGN_STYLE = Automatic;
				CURRENT_PROJECT_VERSION = 1;
				DEVELOPMENT_TEAM = 977C44PQHL;
				GENERATE_INFOPLIST_FILE = YES;
				IPHONEOS_DEPLOYMENT_TARGET = 16.4;
				MARKETING_VERSION = 1.0;
				PRODUCT_BUNDLE_IDENTIFIER = "tydevelopers.com.my-practice-4Tests";
				PRODUCT_NAME = "$(TARGET_NAME)";
				SWIFT_EMIT_LOC_STRINGS = NO;
				SWIFT_VERSION = 5.0;
				TARGETED_DEVICE_FAMILY = "1,2";
				TEST_HOST = "$(BUILT_PRODUCTS_DIR)/my_practice_4.app/$(BUNDLE_EXECUTABLE_FOLDER_PATH)/my_practice_4";
			};
			name = Release;
		};
		828AADEB2A57090500E823BF /* Debug */ = {
			isa = XCBuildConfiguration;
			buildSettings = {
				ALWAYS_EMBED_SWIFT_STANDARD_LIBRARIES = YES;
				CODE_SIGN_STYLE = Automatic;
				CURRENT_PROJECT_VERSION = 1;
				DEVELOPMENT_TEAM = 977C44PQHL;
				GENERATE_INFOPLIST_FILE = YES;
				MARKETING_VERSION = 1.0;
				PRODUCT_BUNDLE_IDENTIFIER = "tydevelopers.com.my-practice-4UITests";
				PRODUCT_NAME = "$(TARGET_NAME)";
				SWIFT_EMIT_LOC_STRINGS = NO;
				SWIFT_VERSION = 5.0;
				TARGETED_DEVICE_FAMILY = "1,2";
				TEST_TARGET_NAME = my_practice_4;
			};
			name = Debug;
		};
		828AADEC2A57090500E823BF /* Release */ = {
			isa = XCBuildConfiguration;
			buildSettings = {
				ALWAYS_EMBED_SWIFT_STANDARD_LIBRARIES = YES;
				CODE_SIGN_STYLE = Automatic;
				CURRENT_PROJECT_VERSION = 1;
				DEVELOPMENT_TEAM = 977C44PQHL;
				GENERATE_INFOPLIST_FILE = YES;
				MARKETING_VERSION = 1.0;
				PRODUCT_BUNDLE_IDENTIFIER = "tydevelopers.com.my-practice-4UITests";
				PRODUCT_NAME = "$(TARGET_NAME)";
				SWIFT_EMIT_LOC_STRINGS = NO;
				SWIFT_VERSION = 5.0;
				TARGETED_DEVICE_FAMILY = "1,2";
				TEST_TARGET_NAME = my_practice_4;
			};
			name = Release;
		};
/* End XCBuildConfiguration section */

/* Begin XCConfigurationList section */
		828AADB52A57090400E823BF /* Build configuration list for PBXProject "my_practice_4" */ = {
			isa = XCConfigurationList;
			buildConfigurations = (
				828AADE22A57090500E823BF /* Debug */,
				828AADE32A57090500E823BF /* Release */,
			);
			defaultConfigurationIsVisible = 0;
			defaultConfigurationName = Release;
		};
		828AADE42A57090500E823BF /* Build configuration list for PBXNativeTarget "my_practice_4" */ = {
			isa = XCConfigurationList;
			buildConfigurations = (
				828AADE52A57090500E823BF /* Debug */,
				828AADE62A57090500E823BF /* Release */,
			);
			defaultConfigurationIsVisible = 0;
			defaultConfigurationName = Release;
		};
		828AADE72A57090500E823BF /* Build configuration list for PBXNativeTarget "my_practice_4Tests" */ = {
			isa = XCConfigurationList;
			buildConfigurations = (
				828AADE82A57090500E823BF /* Debug */,
				828AADE92A57090500E823BF /* Release */,
			);
			defaultConfigurationIsVisible = 0;
			defaultConfigurationName = Release;
		};
		828AADEA2A57090500E823BF /* Build configuration list for PBXNativeTarget "my_practice_4UITests" */ = {
			isa = XCConfigurationList;
			buildConfigurations = (
				828AADEB2A57090500E823BF /* Debug */,
				828AADEC2A57090500E823BF /* Release */,
			);
			defaultConfigurationIsVisible = 0;
			defaultConfigurationName = Release;
		};
/* End XCConfigurationList section */
	};
	rootObject = 828AADB22A57090400E823BF /* Project object */;
}
